version = 1

[dependencies.anthropic-skills]
url = "https://github.com/anthropics/skills"
commit = "2c7ec5e78b8e5d43ea02e90bb8826f6b9f147b0c"

[dependencies.caveman]
url = "https://github.com/JuliusBrussee/caveman"
version = "v1.6.0"
commit = "c2ed24b3e5d412cd0c25197b2bc9af587621fd99"

[dependencies.meridian-base]
url = "https://github.com/meridian-flow/meridian-base"
version = "v0.0.31"
commit = "059745dd023f3279c92ddf399cc4e4595a92ad13"

[dependencies.meridian-dev-workflow]
url = "https://github.com/meridian-flow/meridian-dev-workflow"
version = "v0.1.8"
commit = "26d0ded6ae44ab368903686f3049d0cc5ea70824"

[dependencies.meridian-prompter]
url = "https://github.com/meridian-flow/meridian-prompter"
version = "v0.0.6"
commit = "75984010c91bf29900ff2e9ddc5a56785f2214dd"

[items."agents/architect.md"]
source = "meridian-dev-workflow"
kind = "agent"
source_checksum = "sha256:3affe9a8fcd0400c0ec506601088c08ff30e8ed32cb056e6bd990fcf0a10af57"
installed_checksum = "sha256:3affe9a8fcd0400c0ec506601088c08ff30e8ed32cb056e6bd990fcf0a10af57"
dest_path = "agents/architect.md"

[items."agents/browser-tester.md"]
source = "meridian-dev-workflow"
kind = "agent"
source_checksum = "sha256:b86284247d2f28c3029485987b2e5d82d2c45ed0c87c1ca833e2754c5d49d3b2"
installed_checksum = "sha256:b86284247d2f28c3029485987b2e5d82d2c45ed0c87c1ca833e2754c5d49d3b2"
dest_path = "agents/browser-tester.md"

[items."agents/code-documenter.md"]
source = "meridian-dev-workflow"
kind = "agent"
source_checksum = "sha256:9cd02174bd33b6973b6588547aab874104139eb033e1a15f53db0af4dd3fdf5c"
installed_checksum = "sha256:9cd02174bd33b6973b6588547aab874104139eb033e1a15f53db0af4dd3fdf5c"
dest_path = "agents/code-documenter.md"

[items."agents/coder.md"]
source = "meridian-dev-workflow"
kind = "agent"
source_checksum = "sha256:9872adcf56576d4a57c26dbcfc9aaad7c60d16698f2c61e2511302730c135fc2"
installed_checksum = "sha256:9872adcf56576d4a57c26dbcfc9aaad7c60d16698f2c61e2511302730c135fc2"
dest_path = "agents/coder.md"

[items."agents/design-orchestrator.md"]
source = "meridian-dev-workflow"
kind = "agent"
source_checksum = "sha256:edd28e20b1e1f2796351ae5ef66be462ccd460c7fb38a5d66ecc190bbc1d824a"
installed_checksum = "sha256:edd28e20b1e1f2796351ae5ef66be462ccd460c7fb38a5d66ecc190bbc1d824a"
dest_path = "agents/design-orchestrator.md"

[items."agents/design-writer.md"]
source = "meridian-dev-workflow"
kind = "agent"
source_checksum = "sha256:7822e275a8c58d9e322fe3ff0270ec4c6600be4fcedfe35f76ad6c48110488cf"
installed_checksum = "sha256:7822e275a8c58d9e322fe3ff0270ec4c6600be4fcedfe35f76ad6c48110488cf"
dest_path = "agents/design-writer.md"

[items."agents/dev-orchestrator.md"]
source = "meridian-dev-workflow"
kind = "agent"
version = "v0.1.8"
source_checksum = "sha256:291f7ff1887861200093dafe5d87956944c8ee6175a698bc2c25127bec32a62d"
installed_checksum = "sha256:291f7ff1887861200093dafe5d87956944c8ee6175a698bc2c25127bec32a62d"
dest_path = "agents/dev-orchestrator.md"

[items."agents/explorer.md"]
source = "meridian-dev-workflow"
kind = "agent"
source_checksum = "sha256:34e52aa27825c82c2665dc28a62bbd69effcc2baa88a42ce817696bf9f8bb188"
installed_checksum = "sha256:34e52aa27825c82c2665dc28a62bbd69effcc2baa88a42ce817696bf9f8bb188"
dest_path = "agents/explorer.md"

[items."agents/frontend-coder.md"]
source = "meridian-dev-workflow"
kind = "agent"
source_checksum = "sha256:53ed108669b6139f5f268ea2a121500ed39986ca80e6c53caff0d91809ee132f"
installed_checksum = "sha256:53ed108669b6139f5f268ea2a121500ed39986ca80e6c53caff0d91809ee132f"
dest_path = "agents/frontend-coder.md"

[items."agents/frontend-designer.md"]
source = "meridian-dev-workflow"
kind = "agent"
source_checksum = "sha256:d86094e3dd644de0fb606d99f8cc94abeeb5280bc6237f952cc7eada60b841bf"
installed_checksum = "sha256:d86094e3dd644de0fb606d99f8cc94abeeb5280bc6237f952cc7eada60b841bf"
dest_path = "agents/frontend-designer.md"

[items."agents/impl-orchestrator.md"]
source = "meridian-dev-workflow"
kind = "agent"
source_checksum = "sha256:c1eafeb96531744f796e6bbbc060f08a9bd6902995c67ce2f807c09fa8f49f51"
installed_checksum = "sha256:c1eafeb96531744f796e6bbbc060f08a9bd6902995c67ce2f807c09fa8f49f51"
dest_path = "agents/impl-orchestrator.md"

[items."agents/integration-tester.md"]
source = "meridian-dev-workflow"
kind = "agent"
source_checksum = "sha256:0e2d49611acbe1254f2948512f7b81c8370c365c1db44b82f6af28a7cfd04b14"
installed_checksum = "sha256:0e2d49611acbe1254f2948512f7b81c8370c365c1db44b82f6af28a7cfd04b14"
dest_path = "agents/integration-tester.md"

[items."agents/investigator.md"]
source = "meridian-dev-workflow"
kind = "agent"
source_checksum = "sha256:f5d218991e73d905763934983099c5fcd00046e63ee3f203f6028c4e98b82017"
installed_checksum = "sha256:f5d218991e73d905763934983099c5fcd00046e63ee3f203f6028c4e98b82017"
dest_path = "agents/investigator.md"

[items."agents/meridian-default-orchestrator.md"]
source = "meridian-base"
kind = "agent"
version = "v0.0.31"
source_checksum = "sha256:d0e6c1beabe6366f6ed67146eb39633215aeccdbbaedbf37060b1278abd4fbec"
installed_checksum = "sha256:d0e6c1beabe6366f6ed67146eb39633215aeccdbbaedbf37060b1278abd4fbec"
dest_path = "agents/meridian-default-orchestrator.md"

[items."agents/meridian-subagent.md"]
source = "meridian-base"
kind = "agent"
version = "v0.0.29"
source_checksum = "sha256:92b48c9e6cdaf20ae64ad8817314d283541fd450e48ef8af71d427c18a7920b4"
installed_checksum = "sha256:92b48c9e6cdaf20ae64ad8817314d283541fd450e48ef8af71d427c18a7920b4"
dest_path = "agents/meridian-subagent.md"

[items."agents/planner.md"]
source = "meridian-dev-workflow"
kind = "agent"
source_checksum = "sha256:048cefb67d70d2834ecf9cf29d1f616f0e9ecb38b755ad9abd672977697747c2"
installed_checksum = "sha256:048cefb67d70d2834ecf9cf29d1f616f0e9ecb38b755ad9abd672977697747c2"
dest_path = "agents/planner.md"

[items."agents/prompt-reviewer.md"]
source = "meridian-prompter"
kind = "agent"
version = "v0.0.4"
source_checksum = "sha256:a6dd1dafff624bb678554f6c28ed73ba5b7ef2f7f4399c1cf1b4ee0e124667ee"
installed_checksum = "sha256:a6dd1dafff624bb678554f6c28ed73ba5b7ef2f7f4399c1cf1b4ee0e124667ee"
dest_path = "agents/prompt-reviewer.md"

[items."agents/prompt-tester.md"]
source = "meridian-prompter"
kind = "agent"
version = "v0.0.3"
source_checksum = "sha256:ec3b4a04e4930d297068bff87be30567d96694ced761e7586e3b6f313cff686d"
installed_checksum = "sha256:ec3b4a04e4930d297068bff87be30567d96694ced761e7586e3b6f313cff686d"
dest_path = "agents/prompt-tester.md"

[items."agents/prompter-orchestrator.md"]
source = "meridian-prompter"
kind = "agent"
version = "v0.0.6"
source_checksum = "sha256:449d87482ad674fc9ed78d6bcb0b5f04f4a33e83b8270aab4583517dfe631a52"
installed_checksum = "sha256:449d87482ad674fc9ed78d6bcb0b5f04f4a33e83b8270aab4583517dfe631a52"
dest_path = "agents/prompter-orchestrator.md"

[items."agents/python-tool-writer.md"]
source = "meridian-prompter"
kind = "agent"
version = "v0.0.4"
source_checksum = "sha256:b6ce0c404186cc6f8fc74c281a6d14295d17780feeb93d8939378b9eb32f4c9f"
installed_checksum = "sha256:b6ce0c404186cc6f8fc74c281a6d14295d17780feeb93d8939378b9eb32f4c9f"
dest_path = "agents/python-tool-writer.md"

[items."agents/refactor-coder.md"]
source = "meridian-dev-workflow"
kind = "agent"
source_checksum = "sha256:51ba58b29e37179b248cc3494180fc541836fb7292f21972becc510c06b1c6a9"
installed_checksum = "sha256:51ba58b29e37179b248cc3494180fc541836fb7292f21972becc510c06b1c6a9"
dest_path = "agents/refactor-coder.md"

[items."agents/refactor-reviewer.md"]
source = "meridian-dev-workflow"
kind = "agent"
source_checksum = "sha256:09356143bb6f5242a9ed4f89fd13f6eeea8c42cd2ab3ff59b55f4950e1441ced"
installed_checksum = "sha256:09356143bb6f5242a9ed4f89fd13f6eeea8c42cd2ab3ff59b55f4950e1441ced"
dest_path = "agents/refactor-reviewer.md"

[items."agents/reviewer.md"]
source = "meridian-dev-workflow"
kind = "agent"
source_checksum = "sha256:e42cdf324c84b060b66901c1c35e6ca7d10f1750e7c5376b07ec4b6bd741f1d3"
installed_checksum = "sha256:e42cdf324c84b060b66901c1c35e6ca7d10f1750e7c5376b07ec4b6bd741f1d3"
dest_path = "agents/reviewer.md"

[items."agents/smoke-tester.md"]
source = "meridian-dev-workflow"
kind = "agent"
source_checksum = "sha256:124959b74631231a0d7375f1a7710ab56f561abfb0ba10f21eb2b81875c6c764"
installed_checksum = "sha256:124959b74631231a0d7375f1a7710ab56f561abfb0ba10f21eb2b81875c6c764"
dest_path = "agents/smoke-tester.md"

[items."agents/tech-writer.md"]
source = "meridian-dev-workflow"
kind = "agent"
source_checksum = "sha256:cb6e2dfdaaaef07ff962a16aaf6ca4a8aeda7ddb44b90489610cdbd50d5d4dcc"
installed_checksum = "sha256:cb6e2dfdaaaef07ff962a16aaf6ca4a8aeda7ddb44b90489610cdbd50d5d4dcc"
dest_path = "agents/tech-writer.md"

[items."agents/test-orchestrator.md"]
source = "meridian-dev-workflow"
kind = "agent"
source_checksum = "sha256:f2c89e30620c64b30228723cf3b6c159e9ebc800b42949b5535471f5c1b1a825"
installed_checksum = "sha256:f2c89e30620c64b30228723cf3b6c159e9ebc800b42949b5535471f5c1b1a825"
dest_path = "agents/test-orchestrator.md"

[items."agents/unit-tester.md"]
source = "meridian-dev-workflow"
kind = "agent"
source_checksum = "sha256:c03a4cb6836ae014b8019d71db58abb71e47546172395a0734a1611f078d9b69"
installed_checksum = "sha256:c03a4cb6836ae014b8019d71db58abb71e47546172395a0734a1611f078d9b69"
dest_path = "agents/unit-tester.md"

[items."agents/verifier.md"]
source = "meridian-dev-workflow"
kind = "agent"
source_checksum = "sha256:29c5fc522ee199cda526e1267678e1c2a423f30d031dbb681cb3520acfde7214"
installed_checksum = "sha256:29c5fc522ee199cda526e1267678e1c2a423f30d031dbb681cb3520acfde7214"
dest_path = "agents/verifier.md"

[items."agents/web-prompt-researcher.md"]
source = "meridian-prompter"
kind = "agent"
version = "v0.0.4"
source_checksum = "sha256:a474014b66619b90255ee25761afbd8a9ab1c179e458ed5231a6bdffb5de5091"
installed_checksum = "sha256:a474014b66619b90255ee25761afbd8a9ab1c179e458ed5231a6bdffb5de5091"
dest_path = "agents/web-prompt-researcher.md"

[items."agents/web-researcher.md"]
source = "meridian-dev-workflow"
kind = "agent"
source_checksum = "sha256:27faa6231c078e5282491098033f93444f748d56158e0228aadb92a22c4402d2"
installed_checksum = "sha256:27faa6231c078e5282491098033f93444f748d56158e0228aadb92a22c4402d2"
dest_path = "agents/web-researcher.md"

[items."skills/agent-artifacts"]
source = "meridian-prompter"
kind = "skill"
version = "v0.0.4"
source_checksum = "sha256:7889e6eb1a345fcb5bba15544e2b3283cb7208d0fe8ed39008c11d8b1e6099e0"
installed_checksum = "sha256:7889e6eb1a345fcb5bba15544e2b3283cb7208d0fe8ed39008c11d8b1e6099e0"
dest_path = "skills/agent-artifacts"

[items."skills/agent-creator"]
source = "meridian-base"
kind = "skill"
version = "v0.0.31"
source_checksum = "sha256:aeced0049a9bae828a3fe0be0e6d267969c7d26665bda33774337be5a4af848c"
installed_checksum = "sha256:aeced0049a9bae828a3fe0be0e6d267969c7d26665bda33774337be5a4af848c"
dest_path = "skills/agent-creator"

[items."skills/agent-staffing"]
source = "meridian-dev-workflow"
kind = "skill"
source_checksum = "sha256:f026249a0f20d7783aa13ecf70dd9fe06ca9ac84e3befd3deb79732f1e3e2911"
installed_checksum = "sha256:f026249a0f20d7783aa13ecf70dd9fe06ca9ac84e3befd3deb79732f1e3e2911"
dest_path = "skills/agent-staffing"

[items."skills/architecture"]
source = "meridian-dev-workflow"
kind = "skill"
version = "v0.0.19"
source_checksum = "sha256:a1b9ee66c1dce20256ba4fb1ebde55b7027206a664f8b6f26bf67c1c75934010"
installed_checksum = "sha256:a1b9ee66c1dce20256ba4fb1ebde55b7027206a664f8b6f26bf67c1c75934010"
dest_path = "skills/architecture"

[items."skills/browser-test"]
source = "meridian-dev-workflow"
kind = "skill"
version = "v0.0.19"
source_checksum = "sha256:1864f3e0d47a008cebd0542b4188c93fa08589407d17003e389a55f26bd651d0"
installed_checksum = "sha256:1864f3e0d47a008cebd0542b4188c93fa08589407d17003e389a55f26bd651d0"
dest_path = "skills/browser-test"

[items."skills/caveman"]
source = "caveman"
kind = "skill"
version = "v1.5.1"
source_checksum = "sha256:e3cf2c3ba35d34a39f1c54bf9fa3d2afa9569374de327aaa4356226c60ad3b83"
installed_checksum = "sha256:e3cf2c3ba35d34a39f1c54bf9fa3d2afa9569374de327aaa4356226c60ad3b83"
dest_path = "skills/caveman"

[items."skills/context-handoffs"]
source = "meridian-dev-workflow"
kind = "skill"
version = "v0.1.2"
source_checksum = "sha256:9cdc9d1ff61ef058301895170cfaadd1975739ff1185182efd7b8d84a7e8fd37"
installed_checksum = "sha256:9cdc9d1ff61ef058301895170cfaadd1975739ff1185182efd7b8d84a7e8fd37"
dest_path = "skills/context-handoffs"

[items."skills/decision-log"]
source = "meridian-dev-workflow"
kind = "skill"
source_checksum = "sha256:07b7fca233343ea04597dd7a68d59d3c86c1cf586478034e51ce5cf41ab1bc8a"
installed_checksum = "sha256:07b7fca233343ea04597dd7a68d59d3c86c1cf586478034e51ce5cf41ab1bc8a"
dest_path = "skills/decision-log"

[items."skills/dev-artifacts"]
source = "meridian-dev-workflow"
kind = "skill"
version = "v0.1.1"
source_checksum = "sha256:cf58697686175d10193e1c615bf1be450aff064b5128f8be2b1fb743b9059be7"
installed_checksum = "sha256:cf58697686175d10193e1c615bf1be450aff064b5128f8be2b1fb743b9059be7"
dest_path = "skills/dev-artifacts"

[items."skills/dev-principles"]
source = "meridian-dev-workflow"
kind = "skill"
version = "v0.1.0"
source_checksum = "sha256:f0ffa2c74a50f24690d5685d2f0f80bd81dc333c48d431f6204992a4120112ed"
installed_checksum = "sha256:f0ffa2c74a50f24690d5685d2f0f80bd81dc333c48d431f6204992a4120112ed"
dest_path = "skills/dev-principles"

[items."skills/ears-parsing"]
source = "meridian-dev-workflow"
kind = "skill"
version = "v0.0.31"
source_checksum = "sha256:bb92789cae3be64949c00761b568084e7a04e841a7009948a3cc2ddc6b7a8dd2"
installed_checksum = "sha256:bb92789cae3be64949c00761b568084e7a04e841a7009948a3cc2ddc6b7a8dd2"
dest_path = "skills/ears-parsing"

[items."skills/frontend-design"]
source = "anthropic-skills"
kind = "skill"
source_checksum = "sha256:3dc9d9c837c7f390c1bf8b13e4667cf167340067bfbaf6d734d644eb08c640a1"
installed_checksum = "sha256:3dc9d9c837c7f390c1bf8b13e4667cf167340067bfbaf6d734d644eb08c640a1"
dest_path = "skills/frontend-design"

[items."skills/integration-test"]
source = "meridian-dev-workflow"
kind = "skill"
version = "v0.0.31"
source_checksum = "sha256:45f5b70792ddba65013df3f048e122b71c523cb1874ae650a832fcea249ba661"
installed_checksum = "sha256:45f5b70792ddba65013df3f048e122b71c523cb1874ae650a832fcea249ba661"
dest_path = "skills/integration-test"

[items."skills/issues"]
source = "meridian-dev-workflow"
kind = "skill"
source_checksum = "sha256:de081162901c7a7c9959f79b82c3d3242c9f8220926766d0550109eedf71f2ab"
installed_checksum = "sha256:de081162901c7a7c9959f79b82c3d3242c9f8220926766d0550109eedf71f2ab"
dest_path = "skills/issues"

[items."skills/md-validation"]
source = "meridian-base"
kind = "skill"
version = "v0.0.28"
source_checksum = "sha256:c4d71687b425ba73f5cad09489649c5b0fea4d45797247b3efc67c97d36b070b"
installed_checksum = "sha256:c4d71687b425ba73f5cad09489649c5b0fea4d45797247b3efc67c97d36b070b"
dest_path = "skills/md-validation"

[items."skills/meridian-cli"]
source = "meridian-base"
kind = "skill"
version = "v0.0.31"
source_checksum = "sha256:972f46407ceaaf4e5538b339aebdfe2f90a37dcba84187422ee3fb3b161c2ee7"
installed_checksum = "sha256:972f46407ceaaf4e5538b339aebdfe2f90a37dcba84187422ee3fb3b161c2ee7"
dest_path = "skills/meridian-cli"

[items."skills/meridian-privilege-escalation"]
source = "meridian-base"
kind = "skill"
version = "v0.0.31"
source_checksum = "sha256:4e447cfccb17d6ede622a2e084d6b40d18034d6d152b67eea0bedf383ae04831"
installed_checksum = "sha256:4e447cfccb17d6ede622a2e084d6b40d18034d6d152b67eea0bedf383ae04831"
dest_path = "skills/meridian-privilege-escalation"

[items."skills/meridian-spawn"]
source = "meridian-base"
kind = "skill"
version = "v0.0.31"
source_checksum = "sha256:6a87a9451a48a577a40116c3f05baee229904e303b29561a429e1b158f51e0c7"
installed_checksum = "sha256:6a87a9451a48a577a40116c3f05baee229904e303b29561a429e1b158f51e0c7"
dest_path = "skills/meridian-spawn"

[items."skills/meridian-work-coordination"]
source = "meridian-base"
kind = "skill"
version = "v0.0.25"
source_checksum = "sha256:9e02adfcca6c6f35bf093e46146bf5062c5b06a388c0fe7e6b6b18963805ee6c"
installed_checksum = "sha256:9e02adfcca6c6f35bf093e46146bf5062c5b06a388c0fe7e6b6b18963805ee6c"
dest_path = "skills/meridian-work-coordination"

[items."skills/orchestrate"]
source = "meridian-dev-workflow"
kind = "skill"
version = "v0.1.2"
source_checksum = "sha256:983252177e5480d2dc7e48ffca2690b7a8ebd9bbe5c7a488f6781db256cdeaad"
installed_checksum = "sha256:983252177e5480d2dc7e48ffca2690b7a8ebd9bbe5c7a488f6781db256cdeaad"
dest_path = "skills/orchestrate"

[items."skills/planning"]
source = "meridian-dev-workflow"
kind = "skill"
version = "v0.1.2"
source_checksum = "sha256:88ee0355540892825c0d7799f5456578b971bf6f4dc954ac1561a255bf4440d4"
installed_checksum = "sha256:88ee0355540892825c0d7799f5456578b971bf6f4dc954ac1561a255bf4440d4"
dest_path = "skills/planning"

[items."skills/prompt-principles"]
source = "meridian-prompter"
kind = "skill"
version = "v0.0.6"
source_checksum = "sha256:2dbc08c381b9bae15668631594b81d72d031601d6fe525e22fbfca3a84b2581d"
installed_checksum = "sha256:2dbc08c381b9bae15668631594b81d72d031601d6fe525e22fbfca3a84b2581d"
dest_path = "skills/prompt-principles"

[items."skills/prompt-review"]
source = "meridian-prompter"
kind = "skill"
version = "v0.0.4"
source_checksum = "sha256:47eb3e72585527010be8a71d6a1b34537eab9c200f3a48e965c8914b784add4e"
installed_checksum = "sha256:47eb3e72585527010be8a71d6a1b34537eab9c200f3a48e965c8914b784add4e"
dest_path = "skills/prompt-review"

[items."skills/python-tools"]
source = "meridian-prompter"
kind = "skill"
version = "v0.0.3"
source_checksum = "sha256:453a20e334d662caa065beb0a1b93f70852b3c224833118f1a3e248a50d711b3"
installed_checksum = "sha256:453a20e334d662caa065beb0a1b93f70852b3c224833118f1a3e248a50d711b3"
dest_path = "skills/python-tools"

[items."skills/refactoring-principles"]
source = "meridian-dev-workflow"
kind = "skill"
version = "v0.0.31"
source_checksum = "sha256:86d2a221e998ace1e69518aeda9d7c0f604e3aa9beb659efd45fbc0cce5cf345"
installed_checksum = "sha256:86d2a221e998ace1e69518aeda9d7c0f604e3aa9beb659efd45fbc0cce5cf345"
dest_path = "skills/refactoring-principles"

[items."skills/review"]
source = "meridian-dev-workflow"
kind = "skill"
version = "v0.0.19"
source_checksum = "sha256:54322faeab3a1bb86f7f7cb2658a3c53e9da907fe1b27f81501963b2b3109334"
installed_checksum = "sha256:54322faeab3a1bb86f7f7cb2658a3c53e9da907fe1b27f81501963b2b3109334"
dest_path = "skills/review"

[items."skills/session-mining"]
source = "meridian-dev-workflow"
kind = "skill"
version = "v0.1.2"
source_checksum = "sha256:15388cbba3b5bf17711bdf9d3f1dc65ceb675797a5899f106848b816f95e6ace"
installed_checksum = "sha256:15388cbba3b5bf17711bdf9d3f1dc65ceb675797a5899f106848b816f95e6ace"
dest_path = "skills/session-mining"

[items."skills/shared-workspace"]
source = "meridian-dev-workflow"
kind = "skill"
version = "v0.0.20"
source_checksum = "sha256:69296d410f585fdd5d51c288317debae10f041200eb6b1335e822802dd817b39"
installed_checksum = "sha256:69296d410f585fdd5d51c288317debae10f041200eb6b1335e822802dd817b39"
dest_path = "skills/shared-workspace"

[items."skills/skill-artifacts"]
source = "meridian-prompter"
kind = "skill"
version = "v0.0.4"
source_checksum = "sha256:b0c6ea29e17f3acd6843a73dfc0f3bc890fe04352f6ab8f4bdb8bdf7c26cbd12"
installed_checksum = "sha256:b0c6ea29e17f3acd6843a73dfc0f3bc890fe04352f6ab8f4bdb8bdf7c26cbd12"
dest_path = "skills/skill-artifacts"

[items."skills/skill-creator"]
source = "meridian-base"
kind = "skill"
version = "v0.0.31"
source_checksum = "sha256:7079a8982f88098efebe859d02430ec97aeb000f9f52db870615ef16563dc6d1"
installed_checksum = "sha256:7079a8982f88098efebe859d02430ec97aeb000f9f52db870615ef16563dc6d1"
dest_path = "skills/skill-creator"

[items."skills/smoke-test"]
source = "meridian-dev-workflow"
kind = "skill"
version = "v0.0.34"
source_checksum = "sha256:47f33ec547d09440f8cad2999bf96a9bac2e099f63a36e8c8a1dc6e026b56675"
installed_checksum = "sha256:47f33ec547d09440f8cad2999bf96a9bac2e099f63a36e8c8a1dc6e026b56675"
dest_path = "skills/smoke-test"

[items."skills/tech-docs"]
source = "meridian-dev-workflow"
kind = "skill"
version = "v0.0.19"
source_checksum = "sha256:cf5202db0a395a20c3308a9d45cfd2aef8c5fe77f3b8fcd09301d69aec541ca7"
installed_checksum = "sha256:cf5202db0a395a20c3308a9d45cfd2aef8c5fe77f3b8fcd09301d69aec541ca7"
dest_path = "skills/tech-docs"

[items."skills/testing-principles"]
source = "meridian-dev-workflow"
kind = "skill"
version = "v0.1.0"
source_checksum = "sha256:8fdecc1edbd8c6cbd916a951181e4ea253a8eef09a5c5a0cdec809740f14eb63"
installed_checksum = "sha256:8fdecc1edbd8c6cbd916a951181e4ea253a8eef09a5c5a0cdec809740f14eb63"
dest_path = "skills/testing-principles"

[items."skills/unit-test"]
source = "meridian-dev-workflow"
kind = "skill"
version = "v0.0.31"
source_checksum = "sha256:365bb2d26ebd64fe65c294e806076c18c6a4c55653f0eeac8e8386d65fce6437"
installed_checksum = "sha256:365bb2d26ebd64fe65c294e806076c18c6a4c55653f0eeac8e8386d65fce6437"
dest_path = "skills/unit-test"

[items."skills/verification"]
source = "meridian-dev-workflow"
kind = "skill"
version = "v0.0.19"
source_checksum = "sha256:a57001192c36a65c1c4cf7b9d7d32d8e88cf6526f231620949d9abc24936ab88"
installed_checksum = "sha256:a57001192c36a65c1c4cf7b9d7d32d8e88cf6526f231620949d9abc24936ab88"
dest_path = "skills/verification"
