version = 1

[sources.anthropic-skills]
url = "https://github.com/anthropics/skills"
commit = "98669c11ca63e9c81c11501e1437e5c47b556621"

[sources.meridian-base]
url = "https://github.com/haowjy/meridian-base"
commit = "b6a95a4038c1589270d91c9e3a39b4733c00c517"

[sources.meridian-dev-workflow]
path = "/home/jimyao/gitrepos/meridian-channel/.agents/./meridian-dev-workflow"

[items."agents/__meridian-orchestrator.md"]
source = "meridian-base"
kind = "agent"
source_checksum = "sha256:f649b1b65e5bb7997179a472a182fad17491b2ed4fa6d4559e73e08654e9bfc3"
installed_checksum = "sha256:f649b1b65e5bb7997179a472a182fad17491b2ed4fa6d4559e73e08654e9bfc3"
dest_path = "agents/__meridian-orchestrator.md"

[items."agents/__meridian-subagent.md"]
source = "meridian-base"
kind = "agent"
source_checksum = "sha256:8a92ac48c5025761c3aab71cb9cf4e74606ebdc85d2a1014adb264e095b97530"
installed_checksum = "sha256:8a92ac48c5025761c3aab71cb9cf4e74606ebdc85d2a1014adb264e095b97530"
dest_path = "agents/__meridian-subagent.md"

[items."agents/architect.md"]
source = "meridian-dev-workflow"
kind = "agent"
source_checksum = "sha256:25b4588f773860296d77ba73f1bbd8af9a72ca9ac272bdaea2ee814c0730aa4b"
installed_checksum = "sha256:25b4588f773860296d77ba73f1bbd8af9a72ca9ac272bdaea2ee814c0730aa4b"
dest_path = "agents/architect.md"

[items."agents/browser-tester.md"]
source = "meridian-dev-workflow"
kind = "agent"
source_checksum = "sha256:eec75e8f470fbd9b3a4bf2040df839cdccbc78ded116f9541f6ae3069cea3dd4"
installed_checksum = "sha256:eec75e8f470fbd9b3a4bf2040df839cdccbc78ded116f9541f6ae3069cea3dd4"
dest_path = "agents/browser-tester.md"

[items."agents/coder.md"]
source = "meridian-dev-workflow"
kind = "agent"
source_checksum = "sha256:af2532c9d5a123b062eb0f9a02058aad40e60fd54f6d63e5d9017f98a46c500a"
installed_checksum = "sha256:af2532c9d5a123b062eb0f9a02058aad40e60fd54f6d63e5d9017f98a46c500a"
dest_path = "agents/coder.md"

[items."agents/design-orchestrator.md"]
source = "meridian-dev-workflow"
kind = "agent"
source_checksum = "sha256:57490435203c9e01b1e5d418543f3c85003fafaadb52e300a9e0c396b3559135"
installed_checksum = "sha256:57490435203c9e01b1e5d418543f3c85003fafaadb52e300a9e0c396b3559135"
dest_path = "agents/design-orchestrator.md"

[items."agents/dev-orchestrator.md"]
source = "meridian-dev-workflow"
kind = "agent"
source_checksum = "sha256:ae09b2a0f936c9a8718481a8404b8a68778a28ee12713e25c3b8e1e4f1e18a49"
installed_checksum = "sha256:ae09b2a0f936c9a8718481a8404b8a68778a28ee12713e25c3b8e1e4f1e18a49"
dest_path = "agents/dev-orchestrator.md"

[items."agents/documenter.md"]
source = "meridian-dev-workflow"
kind = "agent"
source_checksum = "sha256:6bef4747d41df3941ea8f84013a072f8925db3194cc15fc7362b782157b1109a"
installed_checksum = "sha256:6bef4747d41df3941ea8f84013a072f8925db3194cc15fc7362b782157b1109a"
dest_path = "agents/documenter.md"

[items."agents/explorer.md"]
source = "meridian-dev-workflow"
kind = "agent"
source_checksum = "sha256:ee76f21fa42eaea9034c9d8c7dad6c5f92d55e8eaedf84bcb4026c4120f01cde"
installed_checksum = "sha256:ee76f21fa42eaea9034c9d8c7dad6c5f92d55e8eaedf84bcb4026c4120f01cde"
dest_path = "agents/explorer.md"

[items."agents/frontend-coder.md"]
source = "meridian-dev-workflow"
kind = "agent"
source_checksum = "sha256:eb5883cf02909364a3b268d32dd30dc68a601f849e5b675b1a5f865cfb427cd0"
installed_checksum = "sha256:eb5883cf02909364a3b268d32dd30dc68a601f849e5b675b1a5f865cfb427cd0"
dest_path = "agents/frontend-coder.md"

[items."agents/frontend-designer.md"]
source = "meridian-dev-workflow"
kind = "agent"
source_checksum = "sha256:6680d3af9473189f77cbb949885d07987cf082600db149972b458caeadf4b09d"
installed_checksum = "sha256:6680d3af9473189f77cbb949885d07987cf082600db149972b458caeadf4b09d"
dest_path = "agents/frontend-designer.md"

[items."agents/impl-orchestrator.md"]
source = "meridian-dev-workflow"
kind = "agent"
source_checksum = "sha256:f97913d226ac15f6b70188ad9da13fa90530eb2438a407fac43198d38f3b2ae6"
installed_checksum = "sha256:f97913d226ac15f6b70188ad9da13fa90530eb2438a407fac43198d38f3b2ae6"
dest_path = "agents/impl-orchestrator.md"

[items."agents/investigator.md"]
source = "meridian-dev-workflow"
kind = "agent"
source_checksum = "sha256:99c5815bdada41bb33def195032e39bb5aeeb178c8a4ed2f9ec5af2abf740ac9"
installed_checksum = "sha256:99c5815bdada41bb33def195032e39bb5aeeb178c8a4ed2f9ec5af2abf740ac9"
dest_path = "agents/investigator.md"

[items."agents/planner.md"]
source = "meridian-dev-workflow"
kind = "agent"
source_checksum = "sha256:6f3d29db6eb33bb0d5ac7a52328c989ad70dcde9ea20a65da9e2a6fbb89353f0"
installed_checksum = "sha256:6f3d29db6eb33bb0d5ac7a52328c989ad70dcde9ea20a65da9e2a6fbb89353f0"
dest_path = "agents/planner.md"

[items."agents/refactor-reviewer.md"]
source = "meridian-dev-workflow"
kind = "agent"
source_checksum = "sha256:cb5dc0d0fbbb70ae1b049c8d2809d8cd6515baeae607508f46bc46784fa8bf8c"
installed_checksum = "sha256:cb5dc0d0fbbb70ae1b049c8d2809d8cd6515baeae607508f46bc46784fa8bf8c"
dest_path = "agents/refactor-reviewer.md"

[items."agents/researcher.md"]
source = "meridian-dev-workflow"
kind = "agent"
source_checksum = "sha256:5c51755571afe1bc8aea8e22cb5ff892b05e9556a8268236090a1cfbdff75ca1"
installed_checksum = "sha256:5c51755571afe1bc8aea8e22cb5ff892b05e9556a8268236090a1cfbdff75ca1"
dest_path = "agents/researcher.md"

[items."agents/reviewer.md"]
source = "meridian-dev-workflow"
kind = "agent"
source_checksum = "sha256:930b11aa64338edd6029fe5f6616a9daf48a680ac5f2a1d327a965a04a7158ea"
installed_checksum = "sha256:930b11aa64338edd6029fe5f6616a9daf48a680ac5f2a1d327a965a04a7158ea"
dest_path = "agents/reviewer.md"

[items."agents/smoke-tester.md"]
source = "meridian-dev-workflow"
kind = "agent"
source_checksum = "sha256:820250f95bba51a77ef396ecb73f44b24fd2d510be7ea21c399718f7cdffe225"
installed_checksum = "sha256:820250f95bba51a77ef396ecb73f44b24fd2d510be7ea21c399718f7cdffe225"
dest_path = "agents/smoke-tester.md"

[items."agents/unit-tester.md"]
source = "meridian-dev-workflow"
kind = "agent"
source_checksum = "sha256:a67f6513a65d94c2d1ad606aa9119be9602a2ba1537dea07af96747610795953"
installed_checksum = "sha256:a67f6513a65d94c2d1ad606aa9119be9602a2ba1537dea07af96747610795953"
dest_path = "agents/unit-tester.md"

[items."agents/verifier.md"]
source = "meridian-dev-workflow"
kind = "agent"
source_checksum = "sha256:bd2203ac9ebb38f91aeafd92ab745ccfca4b3d1ade402623c20745334d46ac9b"
installed_checksum = "sha256:bd2203ac9ebb38f91aeafd92ab745ccfca4b3d1ade402623c20745334d46ac9b"
dest_path = "agents/verifier.md"

[items."skills/__meridian-diagnostics"]
source = "meridian-base"
kind = "skill"
source_checksum = "sha256:e4b9ff147522234b91c050c6f8b7b85846b39dc5724daafdefe4074189210674"
installed_checksum = "sha256:e4b9ff147522234b91c050c6f8b7b85846b39dc5724daafdefe4074189210674"
dest_path = "skills/__meridian-diagnostics"

[items."skills/__meridian-install"]
source = "meridian-base"
kind = "skill"
source_checksum = "sha256:3d4cdaabcb79bedb2f21cc0031d7acfc0373e3ceefdd54a4abc42769e0288c7e"
installed_checksum = "sha256:3d4cdaabcb79bedb2f21cc0031d7acfc0373e3ceefdd54a4abc42769e0288c7e"
dest_path = "skills/__meridian-install"

[items."skills/__meridian-orchestration"]
source = "meridian-base"
kind = "skill"
source_checksum = "sha256:e63e939a0f3798ef520b84d9c92742b7d0c2ddd720a177b1773e43a7049d7c49"
installed_checksum = "sha256:e63e939a0f3798ef520b84d9c92742b7d0c2ddd720a177b1773e43a7049d7c49"
dest_path = "skills/__meridian-orchestration"

[items."skills/__meridian-privilege-escalation"]
source = "meridian-base"
kind = "skill"
source_checksum = "sha256:e36a9d5adcca996b2f824c021e0984325692fbeec175739ba76ad8c273f2901c"
installed_checksum = "sha256:e36a9d5adcca996b2f824c021e0984325692fbeec175739ba76ad8c273f2901c"
dest_path = "skills/__meridian-privilege-escalation"

[items."skills/__meridian-session-context"]
source = "meridian-base"
kind = "skill"
source_checksum = "sha256:98e9c62897e838b1f8c23add4aece1de0bf87bf853fd564a58b2f070245fae6d"
installed_checksum = "sha256:98e9c62897e838b1f8c23add4aece1de0bf87bf853fd564a58b2f070245fae6d"
dest_path = "skills/__meridian-session-context"

[items."skills/__meridian-spawn"]
source = "meridian-base"
kind = "skill"
source_checksum = "sha256:fabb107589845d7294438cce4cf7f5f3b70e7f4ca7dcab917023501ccd4c50ad"
installed_checksum = "sha256:fabb107589845d7294438cce4cf7f5f3b70e7f4ca7dcab917023501ccd4c50ad"
dest_path = "skills/__meridian-spawn"

[items."skills/__meridian-work-coordination"]
source = "meridian-base"
kind = "skill"
source_checksum = "sha256:dcff00ac7149671e40af092af2d7b4650b2e7113e0f91df94cd79fd6022c461a"
installed_checksum = "sha256:dcff00ac7149671e40af092af2d7b4650b2e7113e0f91df94cd79fd6022c461a"
dest_path = "skills/__meridian-work-coordination"

[items."skills/agent-staffing"]
source = "meridian-dev-workflow"
kind = "skill"
source_checksum = "sha256:485968bb50992ab4fd643cadb054315fb9a477400663f9212baf84da434b9517"
installed_checksum = "sha256:485968bb50992ab4fd643cadb054315fb9a477400663f9212baf84da434b9517"
dest_path = "skills/agent-staffing"

[items."skills/architecture"]
source = "meridian-dev-workflow"
kind = "skill"
source_checksum = "sha256:3fc78c42dd121d52247d71a774e1f951a5b0f794062817f81f62d495b0f2e85c"
installed_checksum = "sha256:3fc78c42dd121d52247d71a774e1f951a5b0f794062817f81f62d495b0f2e85c"
dest_path = "skills/architecture"

[items."skills/browser-test"]
source = "meridian-dev-workflow"
kind = "skill"
source_checksum = "sha256:1c5d4641060c1aa84faf0834e51581b07ef5e6b4f912484cbeec160d14cd5a3f"
installed_checksum = "sha256:1c5d4641060c1aa84faf0834e51581b07ef5e6b4f912484cbeec160d14cd5a3f"
dest_path = "skills/browser-test"

[items."skills/context-handoffs"]
source = "meridian-dev-workflow"
kind = "skill"
source_checksum = "sha256:bf25335ed3c01f6290f18511761783f755fb644a1e55131d3129fa1c91c45eea"
installed_checksum = "sha256:bf25335ed3c01f6290f18511761783f755fb644a1e55131d3129fa1c91c45eea"
dest_path = "skills/context-handoffs"

[items."skills/decision-log"]
source = "meridian-dev-workflow"
kind = "skill"
source_checksum = "sha256:71164f167946c8c283ca38b67875b8eed0e4995eb87f6a7d0ba0252a85773166"
installed_checksum = "sha256:71164f167946c8c283ca38b67875b8eed0e4995eb87f6a7d0ba0252a85773166"
dest_path = "skills/decision-log"

[items."skills/dev-artifacts"]
source = "meridian-dev-workflow"
kind = "skill"
source_checksum = "sha256:c24087b6e884a0cbd54879e469cc5e91d3cb305c8c4705c02e8f33e4c6af2380"
installed_checksum = "sha256:c24087b6e884a0cbd54879e469cc5e91d3cb305c8c4705c02e8f33e4c6af2380"
dest_path = "skills/dev-artifacts"

[items."skills/frontend-design"]
source = "anthropic-skills"
kind = "skill"
source_checksum = "sha256:3dc9d9c837c7f390c1bf8b13e4667cf167340067bfbaf6d734d644eb08c640a1"
installed_checksum = "sha256:3dc9d9c837c7f390c1bf8b13e4667cf167340067bfbaf6d734d644eb08c640a1"
dest_path = "skills/frontend-design"

[items."skills/issues"]
source = "meridian-dev-workflow"
kind = "skill"
source_checksum = "sha256:3676fda701ee76133637e7f0fa596914c2f28096b7ac0ea35aaad0acbd6d0c27"
installed_checksum = "sha256:3676fda701ee76133637e7f0fa596914c2f28096b7ac0ea35aaad0acbd6d0c27"
dest_path = "skills/issues"

[items."skills/mermaid"]
source = "meridian-dev-workflow"
kind = "skill"
source_checksum = "sha256:3685943c9f0f99a50b8cb9af402de98ea3948d013231b1841d9a48e7eb313b02"
installed_checksum = "sha256:3685943c9f0f99a50b8cb9af402de98ea3948d013231b1841d9a48e7eb313b02"
dest_path = "skills/mermaid"

[items."skills/planning"]
source = "meridian-dev-workflow"
kind = "skill"
source_checksum = "sha256:f532c42d724050a43a039df2b0b4fbe70d3537c23ba9ab1e43053c94bd65a93c"
installed_checksum = "sha256:f532c42d724050a43a039df2b0b4fbe70d3537c23ba9ab1e43053c94bd65a93c"
dest_path = "skills/planning"

[items."skills/review"]
source = "meridian-dev-workflow"
kind = "skill"
source_checksum = "sha256:42c639ced94804514cb17676c7cbb9995b30fd232841fe86c97c4fa4e026d0a6"
installed_checksum = "sha256:42c639ced94804514cb17676c7cbb9995b30fd232841fe86c97c4fa4e026d0a6"
dest_path = "skills/review"

[items."skills/smoke-test"]
source = "meridian-dev-workflow"
kind = "skill"
source_checksum = "sha256:0beeccb6a79cf0476da24d5f7ced6bd2959a5fddee8c049b14e7efadaff9e430"
installed_checksum = "sha256:0beeccb6a79cf0476da24d5f7ced6bd2959a5fddee8c049b14e7efadaff9e430"
dest_path = "skills/smoke-test"

[items."skills/tech-docs"]
source = "meridian-dev-workflow"
kind = "skill"
source_checksum = "sha256:a3a1ce8d9c0597b3b73413d3f70ce1f846c745efecdd0a3e01cdd105fc869430"
installed_checksum = "sha256:a3a1ce8d9c0597b3b73413d3f70ce1f846c745efecdd0a3e01cdd105fc869430"
dest_path = "skills/tech-docs"

[items."skills/unit-test"]
source = "meridian-dev-workflow"
kind = "skill"
source_checksum = "sha256:b7efd65faa6b94ff933a2cb5cbe41df06a5d1919911a16fd861f9fb531af6e67"
installed_checksum = "sha256:b7efd65faa6b94ff933a2cb5cbe41df06a5d1919911a16fd861f9fb531af6e67"
dest_path = "skills/unit-test"

[items."skills/verification"]
source = "meridian-dev-workflow"
kind = "skill"
source_checksum = "sha256:b959575d2e20ea639b85ec3f2b0c854819f5126e976d0d25d018ad53adc2ee28"
installed_checksum = "sha256:b959575d2e20ea639b85ec3f2b0c854819f5126e976d0d25d018ad53adc2ee28"
dest_path = "skills/verification"
