{
  "items": {
    "agent:__meridian-orchestrator": {
      "content_hash": "sha256:f649b1b65e5bb7997179a472a182fad17491b2ed4fa6d4559e73e08654e9bfc3",
      "destination_path": ".agents/agents/__meridian-orchestrator.md",
      "source_item_id": "agent:__meridian-orchestrator",
      "source_name": "meridian-base"
    },
    "agent:__meridian-subagent": {
      "content_hash": "sha256:8a92ac48c5025761c3aab71cb9cf4e74606ebdc85d2a1014adb264e095b97530",
      "destination_path": ".agents/agents/__meridian-subagent.md",
      "source_item_id": "agent:__meridian-subagent",
      "source_name": "meridian-base"
    },
    "agent:architect": {
      "content_hash": "sha256:6268ba67ed0004b89c1da0b3118d42ade0de6f78f19490fb708320f4d69e3624",
      "destination_path": ".agents/agents/architect.md",
      "source_item_id": "agent:architect",
      "source_name": "meridian-dev-workflow"
    },
    "agent:browser-tester": {
      "content_hash": "sha256:de17b0b5c2112176776dd5c41f90065ee76eb8c18518df52662f2b76bc27c8c8",
      "destination_path": ".agents/agents/browser-tester.md",
      "source_item_id": "agent:browser-tester",
      "source_name": "meridian-dev-workflow"
    },
    "agent:coder": {
      "content_hash": "sha256:7f0efc1b6bac20b917a3c572163d85a3aec2b3939bd98316332054400cb63144",
      "destination_path": ".agents/agents/coder.md",
      "source_item_id": "agent:coder",
      "source_name": "meridian-dev-workflow"
    },
    "agent:design-orchestrator": {
      "content_hash": "sha256:ab7063e7f82140b25b5b7723e665f57d3c7233f87fcafdf8b6806dc1f9a1d9b8",
      "destination_path": ".agents/agents/design-orchestrator.md",
      "source_item_id": "agent:design-orchestrator",
      "source_name": "meridian-dev-workflow"
    },
    "agent:dev-orchestrator": {
      "content_hash": "sha256:9c36e7642d0d22255132c969c5aca2f124993f7568e056064e2c79f9390a467a",
      "destination_path": ".agents/agents/dev-orchestrator.md",
      "source_item_id": "agent:dev-orchestrator",
      "source_name": "meridian-dev-workflow"
    },
    "agent:documenter": {
      "content_hash": "sha256:4aed1a73fc117377d4a42c0eb69ef04a07c4ea41afab034903538f40454db1e0",
      "destination_path": ".agents/agents/documenter.md",
      "source_item_id": "agent:documenter",
      "source_name": "meridian-dev-workflow"
    },
    "agent:explorer": {
      "content_hash": "sha256:3682f258c7e3ad06e99e3abf7895df9bda7f3834c42c1d15d348b016db1bf4e6",
      "destination_path": ".agents/agents/explorer.md",
      "source_item_id": "agent:explorer",
      "source_name": "meridian-dev-workflow"
    },
    "agent:frontend-coder": {
      "content_hash": "sha256:271ba950752c2a4b9742974ae3f8480f034e2c07c20a5edc7ab7af9ed6fc07bc",
      "destination_path": ".agents/agents/frontend-coder.md",
      "source_item_id": "agent:frontend-coder",
      "source_name": "meridian-dev-workflow"
    },
    "agent:frontend-designer": {
      "content_hash": "sha256:0b1639582d699d547bd5b2da7e738857225dd73077b28bfd2cbec60e530e3eee",
      "destination_path": ".agents/agents/frontend-designer.md",
      "source_item_id": "agent:frontend-designer",
      "source_name": "meridian-dev-workflow"
    },
    "agent:impl-orchestrator": {
      "content_hash": "sha256:9a5b4475d3353b50853a746bb49310126554b335cc79fc1ed272f36d6b811cbd",
      "destination_path": ".agents/agents/impl-orchestrator.md",
      "source_item_id": "agent:impl-orchestrator",
      "source_name": "meridian-dev-workflow"
    },
    "agent:investigator": {
      "content_hash": "sha256:c81702bc4f4accaf73ac7bbf13ca27ae44c056f232e9cd19ccccb7373c10233e",
      "destination_path": ".agents/agents/investigator.md",
      "source_item_id": "agent:investigator",
      "source_name": "meridian-dev-workflow"
    },
    "agent:planner": {
      "content_hash": "sha256:058249140360c7530224e368c0f13263696c727b40db68414c26961bd9ff9b43",
      "destination_path": ".agents/agents/planner.md",
      "source_item_id": "agent:planner",
      "source_name": "meridian-dev-workflow"
    },
    "agent:refactor-reviewer": {
      "content_hash": "sha256:899c7eb7b57c2c9ff8d300218578afcf2e41c222b54c248b354b6fd5c1bb6ea4",
      "destination_path": ".agents/agents/refactor-reviewer.md",
      "source_item_id": "agent:refactor-reviewer",
      "source_name": "meridian-dev-workflow"
    },
    "agent:researcher": {
      "content_hash": "sha256:13fca829accaccb646ba2f1d9c7f37311ebd2484ce2cdeccadb8f24e5b3b6e34",
      "destination_path": ".agents/agents/researcher.md",
      "source_item_id": "agent:researcher",
      "source_name": "meridian-dev-workflow"
    },
    "agent:reviewer": {
      "content_hash": "sha256:2c69aeb89951ca0198ec50ba4590afacce2ae2d911213bb4b0946660b3343023",
      "destination_path": ".agents/agents/reviewer.md",
      "source_item_id": "agent:reviewer",
      "source_name": "meridian-dev-workflow"
    },
    "agent:smoke-tester": {
      "content_hash": "sha256:fc0a8eb1295e6912b3f90c1038a6a36f584ce2b072179c6fdde29aacced1d47b",
      "destination_path": ".agents/agents/smoke-tester.md",
      "source_item_id": "agent:smoke-tester",
      "source_name": "meridian-dev-workflow"
    },
    "agent:unit-tester": {
      "content_hash": "sha256:d2f01f61231ac3dbf8ea3a6cb32461169a28a3aedd2fe7dad94a74595cb2c5d7",
      "destination_path": ".agents/agents/unit-tester.md",
      "source_item_id": "agent:unit-tester",
      "source_name": "meridian-dev-workflow"
    },
    "agent:verifier": {
      "content_hash": "sha256:f3f01f6fd0976bd5f1d60b6322e0e3c28091d36a6a6b4047cc3ac203b6065950",
      "destination_path": ".agents/agents/verifier.md",
      "source_item_id": "agent:verifier",
      "source_name": "meridian-dev-workflow"
    },
    "skill:__meridian-diagnostics": {
      "content_hash": "sha256:2c7bfe9acf917bdf512204c20eaaf8e527177e7a728939c1e28f580aafe8dac4",
      "destination_path": ".agents/skills/__meridian-diagnostics",
      "source_item_id": "skill:__meridian-diagnostics",
      "source_name": "meridian-base"
    },
    "skill:__meridian-install": {
      "content_hash": "sha256:3813aa0a4cb21403f300ce5c5a10f81b8c559cc2ce87705c7e27a93382301439",
      "destination_path": ".agents/skills/__meridian-install",
      "source_item_id": "skill:__meridian-install",
      "source_name": "meridian-base"
    },
    "skill:__meridian-orchestration": {
      "content_hash": "sha256:eb6a080d565af27b35e3cbdca200a2409953fc798c4619a9711b7d3397faef4a",
      "destination_path": ".agents/skills/__meridian-orchestration",
      "source_item_id": "skill:__meridian-orchestration",
      "source_name": "meridian-base"
    },
    "skill:__meridian-session-context": {
      "content_hash": "sha256:c0ee9b4bee312245116159a2cb4d881b08cac5860aba37e32d83b5a36b65e433",
      "destination_path": ".agents/skills/__meridian-session-context",
      "source_item_id": "skill:__meridian-session-context",
      "source_name": "meridian-base"
    },
    "skill:__meridian-spawn": {
      "content_hash": "sha256:205bf82d057c30e9975d47734659796e13ec00042aec028480f4b402f9f00d52",
      "destination_path": ".agents/skills/__meridian-spawn",
      "source_item_id": "skill:__meridian-spawn",
      "source_name": "meridian-base"
    },
    "skill:__meridian-work-coordination": {
      "content_hash": "sha256:1c7a38a45a9ba87b0649da3ed2d2380555e370f5d2baa6f4a8c533c195544671",
      "destination_path": ".agents/skills/__meridian-work-coordination",
      "source_item_id": "skill:__meridian-work-coordination",
      "source_name": "meridian-base"
    },
    "skill:agent-staffing": {
      "content_hash": "sha256:e852152980c004d5e6541c5acf97b3a58ff65b1e11bce1616773ebf5a583af03",
      "destination_path": ".agents/skills/agent-staffing",
      "source_item_id": "skill:agent-staffing",
      "source_name": "meridian-dev-workflow"
    },
    "skill:architecture": {
      "content_hash": "sha256:fc3f96d946c4e2247dc9c437d3b81e75f2a6d519a94251118cb4976fe1042804",
      "destination_path": ".agents/skills/architecture",
      "source_item_id": "skill:architecture",
      "source_name": "meridian-dev-workflow"
    },
    "skill:browser-test": {
      "content_hash": "sha256:4ed3ca96b40ab974b2ac05ee4ca2c283c083eaf3ad2afa916e8c22a276255d3f",
      "destination_path": ".agents/skills/browser-test",
      "source_item_id": "skill:browser-test",
      "source_name": "meridian-dev-workflow"
    },
    "skill:context-handoffs": {
      "content_hash": "sha256:8fad44265ea08cf60c7f614e5900749a75c964cc0abd140d97fbf7cd51b1c3cd",
      "destination_path": ".agents/skills/context-handoffs",
      "source_item_id": "skill:context-handoffs",
      "source_name": "meridian-dev-workflow"
    },
    "skill:decision-log": {
      "content_hash": "sha256:204980f494d78707f9abfba3c208bf5347fd9afa1c86240dceb77592a002ac5d",
      "destination_path": ".agents/skills/decision-log",
      "source_item_id": "skill:decision-log",
      "source_name": "meridian-dev-workflow"
    },
    "skill:dev-artifacts": {
      "content_hash": "sha256:df5ff71187f78229246d66e372d94154ea76b984c593b9bafc79e70102216272",
      "destination_path": ".agents/skills/dev-artifacts",
      "source_item_id": "skill:dev-artifacts",
      "source_name": "meridian-dev-workflow"
    },
    "skill:frontend-design": {
      "content_hash": "sha256:61f4057ff63660db7364d2f6ca8e0fcfd55386df49838ebb456a7555759a6f41",
      "destination_path": ".agents/skills/frontend-design",
      "source_item_id": "skill:frontend-design",
      "source_name": "meridian-dev-workflow"
    },
    "skill:issues": {
      "content_hash": "sha256:ca9f1077f07f86301ba859943dd6bcf3725fc2721deeabb53659e5ac018ea6cd",
      "destination_path": ".agents/skills/issues",
      "source_item_id": "skill:issues",
      "source_name": "meridian-dev-workflow"
    },
    "skill:mermaid": {
      "content_hash": "sha256:9edca522182f434c458856a3e4bc0feee301cecc77dd9891ec6dc59df45e90f6",
      "destination_path": ".agents/skills/mermaid",
      "source_item_id": "skill:mermaid",
      "source_name": "meridian-dev-workflow"
    },
    "skill:planning": {
      "content_hash": "sha256:7e9f09ab8fdc4ba6bc164418b8569306ffece9d9a2a578c2ddf7a06518f9786c",
      "destination_path": ".agents/skills/planning",
      "source_item_id": "skill:planning",
      "source_name": "meridian-dev-workflow"
    },
    "skill:review": {
      "content_hash": "sha256:5b20e2503835cf3a88e012664ec0ba99d74338cf47d4b7d8e03ed11f07cb66ab",
      "destination_path": ".agents/skills/review",
      "source_item_id": "skill:review",
      "source_name": "meridian-dev-workflow"
    },
    "skill:review-orchestration": {
      "content_hash": "sha256:12a22655a5820d8bc3bde1be541a6176894d64453486bfd19a552e8bed0618e4",
      "destination_path": ".agents/skills/review-orchestration",
      "source_item_id": "skill:review-orchestration",
      "source_name": "meridian-dev-workflow"
    },
    "skill:smoke-test": {
      "content_hash": "sha256:71d756394cda50098b2597307313595762fbfcb413ed9892c6e6b7fa014773cb",
      "destination_path": ".agents/skills/smoke-test",
      "source_item_id": "skill:smoke-test",
      "source_name": "meridian-dev-workflow"
    },
    "skill:tech-docs": {
      "content_hash": "sha256:07dd9f5c069e95cc7d2fd66dfc54cc21d35fc8d0bc90d483344b945e93cb21de",
      "destination_path": ".agents/skills/tech-docs",
      "source_item_id": "skill:tech-docs",
      "source_name": "meridian-dev-workflow"
    },
    "skill:unit-test": {
      "content_hash": "sha256:ffd9b41d32b72ccb6c295c852438df436cc5cd2a3f6a0406ed1865931bb9d149",
      "destination_path": ".agents/skills/unit-test",
      "source_item_id": "skill:unit-test",
      "source_name": "meridian-dev-workflow"
    },
    "skill:verification": {
      "content_hash": "sha256:a422fbef57ce7c661485e1a1364affd4adce8e451955d80e69164b8c2636c03c",
      "destination_path": ".agents/skills/verification",
      "source_item_id": "skill:verification",
      "source_name": "meridian-dev-workflow"
    }
  },
  "sources": {
    "meridian-base": {
      "installed_at": null,
      "installed_tree_hash": "sha256:521829fd782b58ce0653173a66cd008cc019148323abd373196016cd6e2fe424",
      "items": {
        "agent:__meridian-orchestrator": {
          "path": "agents/__meridian-orchestrator.md"
        },
        "agent:__meridian-subagent": {
          "path": "agents/__meridian-subagent.md"
        },
        "skill:__meridian-diagnostics": {
          "path": "skills/__meridian-diagnostics/SKILL.md"
        },
        "skill:__meridian-install": {
          "path": "skills/__meridian-install/SKILL.md"
        },
        "skill:__meridian-orchestration": {
          "path": "skills/__meridian-orchestration/SKILL.md"
        },
        "skill:__meridian-session-context": {
          "path": "skills/__meridian-session-context/SKILL.md"
        },
        "skill:__meridian-spawn": {
          "path": "skills/__meridian-spawn/SKILL.md"
        },
        "skill:__meridian-work-coordination": {
          "path": "skills/__meridian-work-coordination/SKILL.md"
        }
      },
      "kind": "git",
      "locator": "https://github.com/haowjy/meridian-base.git",
      "realized_closure": [
        "agent:__meridian-orchestrator",
        "agent:__meridian-subagent",
        "skill:__meridian-diagnostics",
        "skill:__meridian-install",
        "skill:__meridian-orchestration",
        "skill:__meridian-session-context",
        "skill:__meridian-spawn",
        "skill:__meridian-work-coordination"
      ],
      "requested_ref": "main",
      "resolved_identity": {
        "commit": "cf2e977d68bdaf6cc8238e3312e42e99df4aa913"
      }
    },
    "meridian-dev-workflow": {
      "installed_at": null,
      "installed_tree_hash": "sha256:63df6dfe90f0574c751820ac2e5c1bdac257de598f44f0a681b1d6913148788a",
      "items": {
        "agent:architect": {
          "path": "agents/architect.md"
        },
        "agent:browser-tester": {
          "path": "agents/browser-tester.md"
        },
        "agent:coder": {
          "path": "agents/coder.md"
        },
        "agent:design-orchestrator": {
          "path": "agents/design-orchestrator.md"
        },
        "agent:dev-orchestrator": {
          "path": "agents/dev-orchestrator.md"
        },
        "agent:documenter": {
          "path": "agents/documenter.md"
        },
        "agent:explorer": {
          "path": "agents/explorer.md"
        },
        "agent:frontend-coder": {
          "path": "agents/frontend-coder.md"
        },
        "agent:frontend-designer": {
          "path": "agents/frontend-designer.md"
        },
        "agent:impl-orchestrator": {
          "path": "agents/impl-orchestrator.md"
        },
        "agent:investigator": {
          "path": "agents/investigator.md"
        },
        "agent:planner": {
          "path": "agents/planner.md"
        },
        "agent:refactor-reviewer": {
          "path": "agents/refactor-reviewer.md"
        },
        "agent:researcher": {
          "path": "agents/researcher.md"
        },
        "agent:reviewer": {
          "path": "agents/reviewer.md"
        },
        "agent:smoke-tester": {
          "path": "agents/smoke-tester.md"
        },
        "agent:unit-tester": {
          "path": "agents/unit-tester.md"
        },
        "agent:verifier": {
          "path": "agents/verifier.md"
        },
        "skill:agent-staffing": {
          "path": "skills/agent-staffing/SKILL.md"
        },
        "skill:architecture": {
          "path": "skills/architecture/SKILL.md"
        },
        "skill:browser-test": {
          "path": "skills/browser-test/SKILL.md"
        },
        "skill:context-handoffs": {
          "path": "skills/context-handoffs/SKILL.md"
        },
        "skill:decision-log": {
          "path": "skills/decision-log/SKILL.md"
        },
        "skill:dev-artifacts": {
          "path": "skills/dev-artifacts/SKILL.md"
        },
        "skill:frontend-design": {
          "path": "skills/frontend-design/SKILL.md"
        },
        "skill:issues": {
          "path": "skills/issues/SKILL.md"
        },
        "skill:mermaid": {
          "path": "skills/mermaid/SKILL.md"
        },
        "skill:planning": {
          "path": "skills/planning/SKILL.md"
        },
        "skill:review": {
          "path": "skills/review/SKILL.md"
        },
        "skill:review-orchestration": {
          "path": "skills/review-orchestration/SKILL.md"
        },
        "skill:smoke-test": {
          "path": "skills/smoke-test/SKILL.md"
        },
        "skill:tech-docs": {
          "path": "skills/tech-docs/SKILL.md"
        },
        "skill:unit-test": {
          "path": "skills/unit-test/SKILL.md"
        },
        "skill:verification": {
          "path": "skills/verification/SKILL.md"
        }
      },
      "kind": "path",
      "locator": "meridian-dev-workflow",
      "realized_closure": [
        "agent:architect",
        "agent:browser-tester",
        "agent:coder",
        "agent:design-orchestrator",
        "agent:dev-orchestrator",
        "agent:documenter",
        "agent:explorer",
        "agent:frontend-coder",
        "agent:frontend-designer",
        "agent:impl-orchestrator",
        "agent:investigator",
        "agent:planner",
        "agent:refactor-reviewer",
        "agent:researcher",
        "agent:reviewer",
        "agent:smoke-tester",
        "agent:unit-tester",
        "agent:verifier",
        "skill:agent-staffing",
        "skill:architecture",
        "skill:browser-test",
        "skill:context-handoffs",
        "skill:decision-log",
        "skill:dev-artifacts",
        "skill:frontend-design",
        "skill:issues",
        "skill:mermaid",
        "skill:planning",
        "skill:review",
        "skill:review-orchestration",
        "skill:smoke-test",
        "skill:tech-docs",
        "skill:unit-test",
        "skill:verification"
      ],
      "requested_ref": null,
      "resolved_identity": {
        "path": "meridian-dev-workflow"
      }
    }
  },
  "version": 1
}
